{
    __meta__ = {
        version = "1.0"
    },
    ["windows|x64"] = {
        ["cmake#f56260b5"] = {
            repo = {
                branch = "master",
                commit = "0e8658b0c2a9eb15b930c6e2a9bac9e03d9776bd",
                url = "https://gitlab.com/tboox/xmake-repo.git"
            },
            version = "4.0.3"
        },
        ["directxmath#f56260b5"] = {
            repo = {
                branch = "master",
                commit = "22f29c79a5da06c3b29c09914eb02dd18e510fcd",
                url = "https://gitlab.com/tboox/xmake-repo.git"
            },
            version = "2024.02"
        },
        ["directxtk#f56260b5"] = {
            repo = {
                branch = "master",
                commit = "22f29c79a5da06c3b29c09914eb02dd18e510fcd",
                url = "https://gitlab.com/tboox/xmake-repo.git"
            },
            version = "24.2.0"
        },
        ["fmt#f56260b5"] = {
            repo = {
                branch = "master",
                commit = "22f29c79a5da06c3b29c09914eb02dd18e510fcd",
                url = "https://gitlab.com/tboox/xmake-repo.git"
            },
            version = "12.1.0"
        },
        ["freetype#f56260b5"] = {
            repo = {
                branch = "master",
                commit = "22f29c79a5da06c3b29c09914eb02dd18e510fcd",
                url = "https://gitlab.com/tboox/xmake-repo.git"
            },
            version = "2.14.1"
        },
        ["imgui v1.91.5#a26c9177"] = {
            repo = {
                branch = "master",
                commit = "22f29c79a5da06c3b29c09914eb02dd18e510fcd",
                url = "https://gitlab.com/tboox/xmake-repo.git"
            },
            version = "v1.91.5"
        },
        ["meson#f56260b5"] = {
            repo = {
                branch = "master",
                commit = "0e8658b0c2a9eb15b930c6e2a9bac9e03d9776bd",
                url = "https://gitlab.com/tboox/xmake-repo.git"
            },
            version = "1.9.0"
        },
        ["ninja#f56260b5"] = {
            repo = {
                branch = "master",
                commit = "0e8658b0c2a9eb15b930c6e2a9bac9e03d9776bd",
                url = "https://gitlab.com/tboox/xmake-repo.git"
            },
            version = "v1.13.1"
        },
        ["nlohmann_json v3.12.0#f56260b5"] = {
            repo = {
                branch = "master",
                commit = "22f29c79a5da06c3b29c09914eb02dd18e510fcd",
                url = "https://gitlab.com/tboox/xmake-repo.git"
            },
            version = "v3.12.0"
        },
        ["pkgconf#f56260b5"] = {
            repo = {
                branch = "master",
                commit = "0e8658b0c2a9eb15b930c6e2a9bac9e03d9776bd",
                url = "https://gitlab.com/tboox/xmake-repo.git"
            },
            version = "2.5.1"
        },
        ["python 3.x#f56260b5"] = {
            repo = {
                branch = "master",
                commit = "0e8658b0c2a9eb15b930c6e2a9bac9e03d9776bd",
                url = "https://gitlab.com/tboox/xmake-repo.git"
            },
            version = "3.13.2"
        },
        ["rapidcsv#f56260b5"] = {
            repo = {
                branch = "master",
                commit = "22f29c79a5da06c3b29c09914eb02dd18e510fcd",
                url = "https://gitlab.com/tboox/xmake-repo.git"
            },
            version = "v8.90"
        },
        ["simpleini#f56260b5"] = {
            repo = {
                branch = "master",
                commit = "22f29c79a5da06c3b29c09914eb02dd18e510fcd",
                url = "https://gitlab.com/tboox/xmake-repo.git"
            },
            version = "v4.22"
        },
        ["spdlog#09c8c173"] = {
            repo = {
                branch = "master",
                commit = "0e8658b0c2a9eb15b930c6e2a9bac9e03d9776bd",
                url = "https://gitlab.com/tboox/xmake-repo.git"
            },
            version = "v1.16.0"
        },
        ["zlib#f56260b5"] = {
            repo = {
                branch = "master",
                commit = "22f29c79a5da06c3b29c09914eb02dd18e510fcd",
                url = "https://gitlab.com/tboox/xmake-repo.git"
            },
            version = "v1.3.1"
        }
    }
}